// !$*UTF8*$!
{
	archiveVersion = 1;
	classes = {
	};
	objectVersion = 50;
	objects = {

/* Begin PBXBuildFile section */
		CECCC1AF241BD85F0007380E /* AppDelegate.m in Sources */ = {isa = PBXBuildFile; fileRef = CECCC1AE241BD85F0007380E /* AppDelegate.m */; };
		CECCC1B2241BD85F0007380E /* SceneDelegate.m in Sources */ = {isa = PBXBuildFile; fileRef = CECCC1B1241BD85F0007380E /* SceneDelegate.m */; };
		CECCC1B5241BD85F0007380E /* ViewController.m in Sources */ = {isa = PBXBuildFile; fileRef = CECCC1B4241BD85F0007380E /* ViewController.m */; };
		CECCC1B8241BD85F0007380E /* Main.storyboard in Resources */ = {isa = PBXBuildFile; fileRef = CECCC1B6241BD85F0007380E /* Main.storyboard */; };
		CECCC1BA241BD8610007380E /* Assets.xcassets in Resources */ = {isa = PBXBuildFile; fileRef = CECCC1B9241BD8610007380E /* Assets.xcassets */; };
		CECCC1BD241BD8610007380E /* LaunchScreen.storyboard in Resources */ = {isa = PBXBuildFile; fileRef = CECCC1BB241BD8610007380E /* LaunchScreen.storyboard */; };
		CECCC1C0241BD8610007380E /* main.m in Sources */ = {isa = PBXBuildFile; fileRef = CECCC1BF241BD8610007380E /* main.m */; };
/* End PBXBuildFile section */

/* Begin PBXFileReference section */
		CECCC1AA241BD85F0007380E /* MRCDemo.app */ = {isa = PBXFileReference; explicitFileType = wrapper.application; includeInIndex = 0; path = MRCDemo.app; sourceTree = BUILT_PRODUCTS_DIR; };
		CECCC1AD241BD85F0007380E /* AppDelegate.h */ = {isa = PBXFileReference; lastKnownFileType = sourcecode.c.h; path = AppDelegate.h; sourceTree = "<group>"; };
		CECCC1AE241BD85F0007380E /* AppDelegate.m */ = {isa = PBXFileReference; lastKnownFileType = sourcecode.c.objc; path = AppDelegate.m; sourceTree = "<group>"; };
		CECCC1B0241BD85F0007380E /* SceneDelegate.h */ = {isa = PBXFileReference; lastKnownFileType = sourcecode.c.h; path = SceneDelegate.h; sourceTree = "<group>"; };
		CECCC1B1241BD85F0007380E /* SceneDelegate.m */ = {isa = PBXFileReference; lastKnownFileType = sourcecode.c.objc; path = SceneDelegate.m; sourceTree = "<group>"; };
		CECCC1B3241BD85F0007380E /* ViewController.h */ = {isa = PBXFileReference; lastKnownFileType = sourcecode.c.h; path = ViewController.h; sourceTree = "<group>"; };
		CECCC1B4241BD85F0007380E /* ViewController.m */ = {isa = PBXFileReference; lastKnownFileType = sourcecode.c.objc; path = ViewController.m; sourceTree = "<group>"; };
		CECCC1B7241BD85F0007380E /* Base */ = {isa = PBXFileReference; lastKnownFileType = file.storyboard; name = Base; path = Base.lproj/Main.storyboard; sourceTree = "<group>"; };
		CECCC1B9241BD8610007380E /* Assets.xcassets */ = {isa = PBXFileReference; lastKnownFileType = folder.assetcatalog; path = Assets.xcassets; sourceTree = "<group>"; };
		CECCC1BC241BD8610007380E /* Base */ = {isa = PBXFileReference; lastKnownFileType = file.storyboard; name = Base; path = Base.lproj/LaunchScreen.storyboard; sourceTree = "<group>"; };
		CECCC1BE241BD8610007380E /* Info.plist */ = {isa = PBXFileReference; lastKnownFileType = text.plist.xml; path = Info.plist; sourceTree = "<group>"; };
		CECCC1BF241BD8610007380E /* main.m */ = {isa = PBXFileReference; lastKnownFileType = sourcecode.c.objc; path = main.m; sourceTree = "<group>"; };
/* End PBXFileReference section */

/* Begin PBXFrameworksBuildPhase section */
		CECCC1A7241BD85F0007380E /* Frameworks */ = {
			isa = PBXFrameworksBuildPhase;
			buildActionMask = 2147483647;
			files = (
			);
			runOnlyForDeploymentPostprocessing = 0;
		};
/* End PBXFrameworksBuildPhase section */

/* Begin PBXGroup section */
		CECCC1A1241BD85F0007380E = {
			isa = PBXGroup;
			children = (
				CECCC1AC241BD85F0007380E /* MRCDemo */,
				CECCC1AB241BD85F0007380E /* Products */,
			);
			sourceTree = "<group>";
		};
		CECCC1AB241BD85F0007380E /* Products */ = {
			isa = PBXGroup;
			children = (
				CECCC1AA241BD85F0007380E /* MRCDemo.app */,
			);
			name = Products;
			sourceTree = "<group>";
		};
		CECCC1AC241BD85F0007380E /* MRCDemo */ = {
			isa = PBXGroup;
			children = (
				CECCC1AD241BD85F0007380E /* AppDelegate.h */,
				CECCC1AE241BD85F0007380E /* AppDelegate.m */,
				CECCC1B0241BD85F0007380E /* SceneDelegate.h */,
				CECCC1B1241BD85F0007380E /* SceneDelegate.m */,
				CECCC1B3241BD85F0007380E /* ViewController.h */,
				CECCC1B4241BD85F0007380E /* ViewController.m */,
				CECCC1B6241BD85F0007380E /* Main.storyboard */,
				CECCC1B9241BD8610007380E /* Assets.xcassets */,
				CECCC1BB241BD8610007380E /* LaunchScreen.storyboard */,
				CECCC1BE241BD8610007380E /* Info.plist */,
				CECCC1BF241BD8610007380E /* main.m */,
			);
			path = MRCDemo;
			sourceTree = "<group>";
		};
/* End PBXGroup section */

/* Begin PBXNativeTarget section */
		CECCC1A9241BD85F0007380E /* MRCDemo */ = {
			isa = PBXNativeTarget;
			buildConfigurationList = CECCC1C3241BD8610007380E /* Build configuration list for PBXNativeTarget "MRCDemo" */;
			buildPhases = (
				CECCC1A6241BD85F0007380E /* Sources */,
				CECCC1A7241BD85F0007380E /* Frameworks */,
				CECCC1A8241BD85F0007380E /* Resources */,
			);
			buildRules = (
			);
			dependencies = (
			);
			name = MRCDemo;
			productName = MRCDemo;
			productReference = CECCC1AA241BD85F0007380E /* MRCDemo.app */;
			productType = "com.apple.product-type.application";
		};
/* End PBXNativeTarget section */

/* Begin PBXProject section */
		CECCC1A2241BD85F0007380E /* Project object */ = {
			isa = PBXProject;
			attributes = {
				LastUpgradeCheck = 1130;
				ORGANIZATIONNAME = chenzebin;
				TargetAttributes = {
					CECCC1A9241BD85F0007380E = {
						CreatedOnToolsVersion = 11.3.1;
					};
				};
			};
			buildConfigurationList = CECCC1A5241BD85F0007380E /* Build configuration list for PBXProject "MRCDemo" */;
			compatibilityVersion = "Xcode 9.3";
			developmentRegion = en;
			hasScannedForEncodings = 0;
			knownRegions = (
				en,
				Base,
			);
			mainGroup = CECCC1A1241BD85F0007380E;
			productRefGroup = CECCC1AB241BD85F0007380E /* Products */;
			projectDirPath = "";
			projectRoot = "";
			targets = (
				CECCC1A9241BD85F0007380E /* MRCDemo */,
			);
		};
/* End PBXProject section */

/* Begin PBXResourcesBuildPhase section */
		CECCC1A8241BD85F0007380E /* Resources */ = {
			isa = PBXResourcesBuildPhase;
			buildActionMask = 2147483647;
			files = (
				CECCC1BD241BD8610007380E /* LaunchScreen.storyboard in Resources */,
				CECCC1BA241BD8610007380E /* Assets.xcassets in Resources */,
				CECCC1B8241BD85F0007380E /* Main.storyboard in Resources */,
			);
			runOnlyForDeploymentPostprocessing = 0;
		};
/* End PBXResourcesBuildPhase section */

/* Begin PBXSourcesBuildPhase section */
		CECCC1A6241BD85F0007380E /* Sources */ = {
			isa = PBXSourcesBuildPhase;
			buildActionMask = 2147483647;
			files = (
				CECCC1B5241BD85F0007380E /* ViewController.m in Sources */,
				CECCC1AF241BD85F0007380E /* AppDelegate.m in Sources */,
				CECCC1C0241BD8610007380E /* main.m in Sources */,
				CECCC1B2241BD85F0007380E /* SceneDelegate.m in Sources */,
			);
			runOnlyForDeploymentPostprocessing = 0;
		};
/* End PBXSourcesBuildPhase section */

/* Begin PBXVariantGroup section */
		CECCC1B6241BD85F0007380E /* Main.storyboard */ = {
			isa = PBXVariantGroup;
			children = (
				CECCC1B7241BD85F0007380E /* Base */,
			);
			name = Main.storyboard;
			sourceTree = "<group>";
		};
		CECCC1BB241BD8610007380E /* LaunchScreen.storyboard */ = {
			isa = PBXVariantGroup;
			children = (
				CECCC1BC241BD8610007380E /* Base */,
			);
			name = LaunchScreen.storyboard;
			sourceTree = "<group>";
		};
/* End PBXVariantGroup section */

/* Begin XCBuildConfiguration section */
		CECCC1C1241BD8610007380E /* Debug */ = {
			isa = XCBuildConfiguration;
			buildSettings = {
				ALWAYS_SEARCH_USER_PATHS = NO;
				CLANG_ANALYZER_NONNULL = YES;
				CLANG_ANALYZER_NUMBER_OBJECT_CONVERSION = YES_AGGRESSIVE;
				CLANG_CXX_LANGUAGE_STANDARD = "gnu++14";
				CLANG_CXX_LIBRARY = "libc++";
				CLANG_ENABLE_MODULES = YES;
				CLANG_ENABLE_OBJC_ARC = YES;
				CLANG_ENABLE_OBJC_WEAK = YES;
				CLANG_WARN_BLOCK_CAPTURE_AUTORELEASING = YES;
				CLANG_WARN_BOOL_CONVERSION = YES;
				CLANG_WARN_COMMA = YES;
				CLANG_WARN_CONSTANT_CONVERSION = YES;
				CLANG_WARN_DEPRECATED_OBJC_IMPLEMENTATIONS = YES;
				CLANG_WARN_DIRECT_OBJC_ISA_USAGE = YES_ERROR;
				CLANG_WARN_DOCUMENTATION_COMMENTS = YES;
				CLANG_WARN_EMPTY_BODY = YES;
				CLANG_WARN_ENUM_CONVERSION = YES;
				CLANG_WARN_INFINITE_RECURSION = YES;
				CLANG_WARN_INT_CONVERSION = YES;
				CLANG_WARN_NON_LITERAL_NULL_CONVERSION = YES;
				CLANG_WARN_OBJC_IMPLICIT_RETAIN_SELF = YES;
				CLANG_WARN_OBJC_LITERAL_CONVERSION = YES;
				CLANG_WARN_OBJC_ROOT_CLASS = YES_ERROR;
				CLANG_WARN_RANGE_LOOP_ANALYSIS = YES;
				CLANG_WARN_STRICT_PROTOTYPES = YES;
				CLANG_WARN_SUSPICIOUS_MOVE = YES;
				CLANG_WARN_UNGUARDED_AVAILABILITY = YES_AGGRESSIVE;
				CLANG_WARN_UNREACHABLE_CODE = YES;
				CLANG_WARN__DUPLICATE_METHOD_MATCH = YES;
				COPY_PHASE_STRIP = NO;
				DEBUG_INFORMATION_FORMAT = dwarf;
				ENABLE_STRICT_OBJC_MSGSEND = YES;
				ENABLE_TESTABILITY = YES;
				GCC_C_LANGUAGE_STANDARD = gnu11;
				GCC_DYNAMIC_NO_PIC = NO;
				GCC_NO_COMMON_BLOCKS = YES;
				GCC_OPTIMIZATION_LEVEL = 0;
				GCC_PREPROCESSOR_DEFINITIONS = (
					"DEBUG=1",
					"$(inherited)",
				);
				GCC_WARN_64_TO_32_BIT_CONVERSION = YES;
				GCC_WARN_ABOUT_RETURN_TYPE = YES_ERROR;
				GCC_WARN_UNDECLARED_SELECTOR = YES;
				GCC_WARN_UNINITIALIZED_AUTOS = YES_AGGRESSIVE;
				GCC_WARN_UNUSED_FUNCTION = YES;
				GCC_WARN_UNUSED_VARIABLE = YES;
				IPHONEOS_DEPLOYMENT_TARGET = 13.2;
				MTL_ENABLE_DEBUG_INFO = INCLUDE_SOURCE;
				MTL_FAST_MATH = YES;
				ONLY_ACTIVE_ARCH = YES;
				SDKROOT = iphoneos;
			};
			name = Debug;
		};
		CECCC1C2241BD8610007380E /* Release */ = {
			isa = XCBuildConfiguration;
			buildSettings = {
				ALWAYS_SEARCH_USER_PATHS = NO;
				CLANG_ANALYZER_NONNULL = YES;
				CLANG_ANALYZER_NUMBER_OBJECT_CONVERSION = YES_AGGRESSIVE;
				CLANG_CXX_LANGUAGE_STANDARD = "gnu++14";
				CLANG_CXX_LIBRARY = "libc++";
				CLANG_ENABLE_MODULES = YES;
				CLANG_ENABLE_OBJC_ARC = YES;
				CLANG_ENABLE_OBJC_WEAK = YES;
				CLANG_WARN_BLOCK_CAPTURE_AUTORELEASING = YES;
				CLANG_WARN_BOOL_CONVERSION = YES;
				CLANG_WARN_COMMA = YES;
				CLANG_WARN_CONSTANT_CONVERSION = YES;
				CLANG_WARN_DEPRECATED_OBJC_IMPLEMENTATIONS = YES;
				CLANG_WARN_DIRECT_OBJC_ISA_USAGE = YES_ERROR;
				CLANG_WARN_DOCUMENTATION_COMMENTS = YES;
				CLANG_WARN_EMPTY_BODY = YES;
				CLANG_WARN_ENUM_CONVERSION = YES;
				CLANG_WARN_INFINITE_RECURSION = YES;
				CLANG_WARN_INT_CONVERSION = YES;
				CLANG_WARN_NON_LITERAL_NULL_CONVERSION = YES;
				CLANG_WARN_OBJC_IMPLICIT_RETAIN_SELF = YES;
				CLANG_WARN_OBJC_LITERAL_CONVERSION = YES;
				CLANG_WARN_OBJC_ROOT_CLASS = YES_ERROR;
				CLANG_WARN_RANGE_LOOP_ANALYSIS = YES;
				CLANG_WARN_STRICT_PROTOTYPES = YES;
				CLANG_WARN_SUSPICIOUS_MOVE = YES;
				CLANG_WARN_UNGUARDED_AVAILABILITY = YES_AGGRESSIVE;
				CLANG_WARN_UNREACHABLE_CODE = YES;
				CLANG_WARN__DUPLICATE_METHOD_MATCH = YES;
				COPY_PHASE_STRIP = NO;
				DEBUG_INFORMATION_FORMAT = "dwarf-with-dsym";
				ENABLE_NS_ASSERTIONS = NO;
				ENABLE_STRICT_OBJC_MSGSEND = YES;
				GCC_C_LANGUAGE_STANDARD = gnu11;
				GCC_NO_COMMON_BLOCKS = YES;
				GCC_WARN_64_TO_32_BIT_CONVERSION = YES;
				GCC_WARN_ABOUT_RETURN_TYPE = YES_ERROR;
				GCC_WARN_UNDECLARED_SELECTOR = YES;
				GCC_WARN_UNINITIALIZED_AUTOS = YES_AGGRESSIVE;
				GCC_WARN_UNUSED_FUNCTION = YES;
				GCC_WARN_UNUSED_VARIABLE = YES;
				IPHONEOS_DEPLOYMENT_TARGET = 13.2;
				MTL_ENABLE_DEBUG_INFO = NO;
				MTL_FAST_MATH = YES;
				SDKROOT = iphoneos;
				VALIDATE_PRODUCT = YES;
			};
			name = Release;
		};
		CECCC1C4241BD8610007380E /* Debug */ = {
			isa = XCBuildConfiguration;
			buildSettings = {
				ASSETCATALOG_COMPILER_APPICON_NAME = AppIcon;
				CLANG_ENABLE_OBJC_ARC = NO;
				CODE_SIGN_STYLE = Automatic;
				INFOPLIST_FILE = MRCDemo/Info.plist;
				LD_RUNPATH_SEARCH_PATHS = (
					"$(inherited)",
					"@executable_path/Frameworks",
				);
				PRODUCT_BUNDLE_IDENTIFIER = chenzebin.MRCDemo;
				PRODUCT_NAME = "$(TARGET_NAME)";
				TARGETED_DEVICE_FAMILY = "1,2";
			};
			name = Debug;
		};
		CECCC1C5241BD8610007380E /* Release */ = {
			isa = XCBuildConfiguration;
			buildSettings = {
				ASSETCATALOG_COMPILER_APPICON_NAME = AppIcon;
				CLANG_ENABLE_OBJC_ARC = NO;
				CODE_SIGN_STYLE = Automatic;
				INFOPLIST_FILE = MRCDemo/Info.plist;
				LD_RUNPATH_SEARCH_PATHS = (
					"$(inherited)",
					"@executable_path/Frameworks",
				);
				PRODUCT_BUNDLE_IDENTIFIER = chenzebin.MRCDemo;
				PRODUCT_NAME = "$(TARGET_NAME)";
				TARGETED_DEVICE_FAMILY = "1,2";
			};
			name = Release;
		};
/* End XCBuildConfiguration section */

/* Begin XCConfigurationList section */
		CECCC1A5241BD85F0007380E /* Build configuration list for PBXProject "MRCDemo" */ = {
			isa = XCConfigurationList;
			buildConfigurations = (
				CECCC1C1241BD8610007380E /* Debug */,
				CECCC1C2241BD8610007380E /* Release */,
			);
			defaultConfigurationIsVisible = 0;
			defaultConfigurationName = Release;
		};
		CECCC1C3241BD8610007380E /* Build configuration list for PBXNativeTarget "MRCDemo" */ = {
			isa = XCConfigurationList;
			buildConfigurations = (
				CECCC1C4241BD8610007380E /* Debug */,
				CECCC1C5241BD8610007380E /* Release */,
			);
			defaultConfigurationIsVisible = 0;
			defaultConfigurationName = Release;
		};
/* End XCConfigurationList section */
	};
	rootObject = CECCC1A2241BD85F0007380E /* Project object */;
}
