// !$*UTF8*$!
{
	archiveVersion = 1;
	classes = {
	};
	objectVersion = 50;
	objects = {

/* Begin PBXBuildFile section */
		CE00C4B521E8E22200815370 /* NSObject+ZBKVO.m in Sources */ = {isa = PBXBuildFile; fileRef = CE00C4B421E8E22200815370 /* NSObject+ZBKVO.m */; };
		CE2A5EF221E76EE700031B8E /* Dog.m in Sources */ = {isa = PBXBuildFile; fileRef = CE2A5EF121E76EE700031B8E /* Dog.m */; };
		CEB7677721E6500C00ECD6C8 /* AppDelegate.m in Sources */ = {isa = PBXBuildFile; fileRef = CEB7677621E6500C00ECD6C8 /* AppDelegate.m */; };
		CEB7677A21E6500C00ECD6C8 /* ViewController.m in Sources */ = {isa = PBXBuildFile; fileRef = CEB7677921E6500C00ECD6C8 /* ViewController.m */; };
		CEB7677D21E6500C00ECD6C8 /* Main.storyboard in Resources */ = {isa = PBXBuildFile; fileRef = CEB7677B21E6500C00ECD6C8 /* Main.storyboard */; };
		CEB7677F21E6500D00ECD6C8 /* Assets.xcassets in Resources */ = {isa = PBXBuildFile; fileRef = CEB7677E21E6500D00ECD6C8 /* Assets.xcassets */; };
		CEB7678221E6500D00ECD6C8 /* LaunchScreen.storyboard in Resources */ = {isa = PBXBuildFile; fileRef = CEB7678021E6500D00ECD6C8 /* LaunchScreen.storyboard */; };
		CEB7678521E6500D00ECD6C8 /* main.m in Sources */ = {isa = PBXBuildFile; fileRef = CEB7678421E6500D00ECD6C8 /* main.m */; };
		CEB7678D21E6501800ECD6C8 /* Person.m in Sources */ = {isa = PBXBuildFile; fileRef = CEB7678C21E6501800ECD6C8 /* Person.m */; };
/* End PBXBuildFile section */

/* Begin PBXFileReference section */
		CE00C4B321E8E22200815370 /* NSObject+ZBKVO.h */ = {isa = PBXFileReference; lastKnownFileType = sourcecode.c.h; path = "NSObject+ZBKVO.h"; sourceTree = "<group>"; };
		CE00C4B421E8E22200815370 /* NSObject+ZBKVO.m */ = {isa = PBXFileReference; lastKnownFileType = sourcecode.c.objc; path = "NSObject+ZBKVO.m"; sourceTree = "<group>"; };
		CE2A5EF021E76EE700031B8E /* Dog.h */ = {isa = PBXFileReference; lastKnownFileType = sourcecode.c.h; path = Dog.h; sourceTree = "<group>"; };
		CE2A5EF121E76EE700031B8E /* Dog.m */ = {isa = PBXFileReference; lastKnownFileType = sourcecode.c.objc; path = Dog.m; sourceTree = "<group>"; };
		CEB7677221E6500C00ECD6C8 /* KVODemo.app */ = {isa = PBXFileReference; explicitFileType = wrapper.application; includeInIndex = 0; path = KVODemo.app; sourceTree = BUILT_PRODUCTS_DIR; };
		CEB7677521E6500C00ECD6C8 /* AppDelegate.h */ = {isa = PBXFileReference; lastKnownFileType = sourcecode.c.h; path = AppDelegate.h; sourceTree = "<group>"; };
		CEB7677621E6500C00ECD6C8 /* AppDelegate.m */ = {isa = PBXFileReference; lastKnownFileType = sourcecode.c.objc; path = AppDelegate.m; sourceTree = "<group>"; };
		CEB7677821E6500C00ECD6C8 /* ViewController.h */ = {isa = PBXFileReference; lastKnownFileType = sourcecode.c.h; path = ViewController.h; sourceTree = "<group>"; };
		CEB7677921E6500C00ECD6C8 /* ViewController.m */ = {isa = PBXFileReference; lastKnownFileType = sourcecode.c.objc; path = ViewController.m; sourceTree = "<group>"; };
		CEB7677C21E6500C00ECD6C8 /* Base */ = {isa = PBXFileReference; lastKnownFileType = file.storyboard; name = Base; path = Base.lproj/Main.storyboard; sourceTree = "<group>"; };
		CEB7677E21E6500D00ECD6C8 /* Assets.xcassets */ = {isa = PBXFileReference; lastKnownFileType = folder.assetcatalog; path = Assets.xcassets; sourceTree = "<group>"; };
		CEB7678121E6500D00ECD6C8 /* Base */ = {isa = PBXFileReference; lastKnownFileType = file.storyboard; name = Base; path = Base.lproj/LaunchScreen.storyboard; sourceTree = "<group>"; };
		CEB7678321E6500D00ECD6C8 /* Info.plist */ = {isa = PBXFileReference; lastKnownFileType = text.plist.xml; path = Info.plist; sourceTree = "<group>"; };
		CEB7678421E6500D00ECD6C8 /* main.m */ = {isa = PBXFileReference; lastKnownFileType = sourcecode.c.objc; path = main.m; sourceTree = "<group>"; };
		CEB7678B21E6501800ECD6C8 /* Person.h */ = {isa = PBXFileReference; lastKnownFileType = sourcecode.c.h; path = Person.h; sourceTree = "<group>"; };
		CEB7678C21E6501800ECD6C8 /* Person.m */ = {isa = PBXFileReference; lastKnownFileType = sourcecode.c.objc; path = Person.m; sourceTree = "<group>"; };
/* End PBXFileReference section */

/* Begin PBXFrameworksBuildPhase section */
		CEB7676F21E6500C00ECD6C8 /* Frameworks */ = {
			isa = PBXFrameworksBuildPhase;
			buildActionMask = 2147483647;
			files = (
			);
			runOnlyForDeploymentPostprocessing = 0;
		};
/* End PBXFrameworksBuildPhase section */

/* Begin PBXGroup section */
		CEB7676921E6500C00ECD6C8 = {
			isa = PBXGroup;
			children = (
				CEB7677421E6500C00ECD6C8 /* KVODemo */,
				CEB7677321E6500C00ECD6C8 /* Products */,
			);
			sourceTree = "<group>";
		};
		CEB7677321E6500C00ECD6C8 /* Products */ = {
			isa = PBXGroup;
			children = (
				CEB7677221E6500C00ECD6C8 /* KVODemo.app */,
			);
			name = Products;
			sourceTree = "<group>";
		};
		CEB7677421E6500C00ECD6C8 /* KVODemo */ = {
			isa = PBXGroup;
			children = (
				CEB7677521E6500C00ECD6C8 /* AppDelegate.h */,
				CEB7677621E6500C00ECD6C8 /* AppDelegate.m */,
				CEB7677821E6500C00ECD6C8 /* ViewController.h */,
				CEB7677921E6500C00ECD6C8 /* ViewController.m */,
				CEB7678B21E6501800ECD6C8 /* Person.h */,
				CEB7678C21E6501800ECD6C8 /* Person.m */,
				CE2A5EF021E76EE700031B8E /* Dog.h */,
				CE2A5EF121E76EE700031B8E /* Dog.m */,
				CEB7677B21E6500C00ECD6C8 /* Main.storyboard */,
				CEB7677E21E6500D00ECD6C8 /* Assets.xcassets */,
				CEB7678021E6500D00ECD6C8 /* LaunchScreen.storyboard */,
				CEB7678321E6500D00ECD6C8 /* Info.plist */,
				CEB7678421E6500D00ECD6C8 /* main.m */,
				CE00C4B321E8E22200815370 /* NSObject+ZBKVO.h */,
				CE00C4B421E8E22200815370 /* NSObject+ZBKVO.m */,
			);
			path = KVODemo;
			sourceTree = "<group>";
		};
/* End PBXGroup section */

/* Begin PBXNativeTarget section */
		CEB7677121E6500C00ECD6C8 /* KVODemo */ = {
			isa = PBXNativeTarget;
			buildConfigurationList = CEB7678821E6500D00ECD6C8 /* Build configuration list for PBXNativeTarget "KVODemo" */;
			buildPhases = (
				CEB7676E21E6500C00ECD6C8 /* Sources */,
				CEB7676F21E6500C00ECD6C8 /* Frameworks */,
				CEB7677021E6500C00ECD6C8 /* Resources */,
			);
			buildRules = (
			);
			dependencies = (
			);
			name = KVODemo;
			productName = KVODemo;
			productReference = CEB7677221E6500C00ECD6C8 /* KVODemo.app */;
			productType = "com.apple.product-type.application";
		};
/* End PBXNativeTarget section */

/* Begin PBXProject section */
		CEB7676A21E6500C00ECD6C8 /* Project object */ = {
			isa = PBXProject;
			attributes = {
				LastUpgradeCheck = 1010;
				ORGANIZATIONNAME = "陈泽槟";
				TargetAttributes = {
					CEB7677121E6500C00ECD6C8 = {
						CreatedOnToolsVersion = 10.1;
					};
				};
			};
			buildConfigurationList = CEB7676D21E6500C00ECD6C8 /* Build configuration list for PBXProject "KVODemo" */;
			compatibilityVersion = "Xcode 9.3";
			developmentRegion = en;
			hasScannedForEncodings = 0;
			knownRegions = (
				en,
				Base,
			);
			mainGroup = CEB7676921E6500C00ECD6C8;
			productRefGroup = CEB7677321E6500C00ECD6C8 /* Products */;
			projectDirPath = "";
			projectRoot = "";
			targets = (
				CEB7677121E6500C00ECD6C8 /* KVODemo */,
			);
		};
/* End PBXProject section */

/* Begin PBXResourcesBuildPhase section */
		CEB7677021E6500C00ECD6C8 /* Resources */ = {
			isa = PBXResourcesBuildPhase;
			buildActionMask = 2147483647;
			files = (
				CEB7678221E6500D00ECD6C8 /* LaunchScreen.storyboard in Resources */,
				CEB7677F21E6500D00ECD6C8 /* Assets.xcassets in Resources */,
				CEB7677D21E6500C00ECD6C8 /* Main.storyboard in Resources */,
			);
			runOnlyForDeploymentPostprocessing = 0;
		};
/* End PBXResourcesBuildPhase section */

/* Begin PBXSourcesBuildPhase section */
		CEB7676E21E6500C00ECD6C8 /* Sources */ = {
			isa = PBXSourcesBuildPhase;
			buildActionMask = 2147483647;
			files = (
				CEB7677A21E6500C00ECD6C8 /* ViewController.m in Sources */,
				CEB7678521E6500D00ECD6C8 /* main.m in Sources */,
				CE00C4B521E8E22200815370 /* NSObject+ZBKVO.m in Sources */,
				CE2A5EF221E76EE700031B8E /* Dog.m in Sources */,
				CEB7678D21E6501800ECD6C8 /* Person.m in Sources */,
				CEB7677721E6500C00ECD6C8 /* AppDelegate.m in Sources */,
			);
			runOnlyForDeploymentPostprocessing = 0;
		};
/* End PBXSourcesBuildPhase section */

/* Begin PBXVariantGroup section */
		CEB7677B21E6500C00ECD6C8 /* Main.storyboard */ = {
			isa = PBXVariantGroup;
			children = (
				CEB7677C21E6500C00ECD6C8 /* Base */,
			);
			name = Main.storyboard;
			sourceTree = "<group>";
		};
		CEB7678021E6500D00ECD6C8 /* LaunchScreen.storyboard */ = {
			isa = PBXVariantGroup;
			children = (
				CEB7678121E6500D00ECD6C8 /* Base */,
			);
			name = LaunchScreen.storyboard;
			sourceTree = "<group>";
		};
/* End PBXVariantGroup section */

/* Begin XCBuildConfiguration section */
		CEB7678621E6500D00ECD6C8 /* Debug */ = {
			isa = XCBuildConfiguration;
			buildSettings = {
				ALWAYS_SEARCH_USER_PATHS = NO;
				CLANG_ANALYZER_NONNULL = YES;
				CLANG_ANALYZER_NUMBER_OBJECT_CONVERSION = YES_AGGRESSIVE;
				CLANG_CXX_LANGUAGE_STANDARD = "gnu++14";
				CLANG_CXX_LIBRARY = "libc++";
				CLANG_ENABLE_MODULES = YES;
				CLANG_ENABLE_OBJC_ARC = YES;
				CLANG_ENABLE_OBJC_WEAK = YES;
				CLANG_WARN_BLOCK_CAPTURE_AUTORELEASING = YES;
				CLANG_WARN_BOOL_CONVERSION = YES;
				CLANG_WARN_COMMA = YES;
				CLANG_WARN_CONSTANT_CONVERSION = YES;
				CLANG_WARN_DEPRECATED_OBJC_IMPLEMENTATIONS = YES;
				CLANG_WARN_DIRECT_OBJC_ISA_USAGE = YES_ERROR;
				CLANG_WARN_DOCUMENTATION_COMMENTS = YES;
				CLANG_WARN_EMPTY_BODY = YES;
				CLANG_WARN_ENUM_CONVERSION = YES;
				CLANG_WARN_INFINITE_RECURSION = YES;
				CLANG_WARN_INT_CONVERSION = YES;
				CLANG_WARN_NON_LITERAL_NULL_CONVERSION = YES;
				CLANG_WARN_OBJC_IMPLICIT_RETAIN_SELF = YES;
				CLANG_WARN_OBJC_LITERAL_CONVERSION = YES;
				CLANG_WARN_OBJC_ROOT_CLASS = YES_ERROR;
				CLANG_WARN_RANGE_LOOP_ANALYSIS = YES;
				CLANG_WARN_STRICT_PROTOTYPES = YES;
				CLANG_WARN_SUSPICIOUS_MOVE = YES;
				CLANG_WARN_UNGUARDED_AVAILABILITY = YES_AGGRESSIVE;
				CLANG_WARN_UNREACHABLE_CODE = YES;
				CLANG_WARN__DUPLICATE_METHOD_MATCH = YES;
				CODE_SIGN_IDENTITY = "iPhone Developer";
				COPY_PHASE_STRIP = NO;
				DEBUG_INFORMATION_FORMAT = dwarf;
				ENABLE_STRICT_OBJC_MSGSEND = YES;
				ENABLE_TESTABILITY = YES;
				GCC_C_LANGUAGE_STANDARD = gnu11;
				GCC_DYNAMIC_NO_PIC = NO;
				GCC_NO_COMMON_BLOCKS = YES;
				GCC_OPTIMIZATION_LEVEL = 0;
				GCC_PREPROCESSOR_DEFINITIONS = (
					"DEBUG=1",
					"$(inherited)",
				);
				GCC_WARN_64_TO_32_BIT_CONVERSION = YES;
				GCC_WARN_ABOUT_RETURN_TYPE = YES_ERROR;
				GCC_WARN_UNDECLARED_SELECTOR = YES;
				GCC_WARN_UNINITIALIZED_AUTOS = YES_AGGRESSIVE;
				GCC_WARN_UNUSED_FUNCTION = YES;
				GCC_WARN_UNUSED_VARIABLE = YES;
				IPHONEOS_DEPLOYMENT_TARGET = 12.1;
				MTL_ENABLE_DEBUG_INFO = INCLUDE_SOURCE;
				MTL_FAST_MATH = YES;
				ONLY_ACTIVE_ARCH = YES;
				SDKROOT = iphoneos;
			};
			name = Debug;
		};
		CEB7678721E6500D00ECD6C8 /* Release */ = {
			isa = XCBuildConfiguration;
			buildSettings = {
				ALWAYS_SEARCH_USER_PATHS = NO;
				CLANG_ANALYZER_NONNULL = YES;
				CLANG_ANALYZER_NUMBER_OBJECT_CONVERSION = YES_AGGRESSIVE;
				CLANG_CXX_LANGUAGE_STANDARD = "gnu++14";
				CLANG_CXX_LIBRARY = "libc++";
				CLANG_ENABLE_MODULES = YES;
				CLANG_ENABLE_OBJC_ARC = YES;
				CLANG_ENABLE_OBJC_WEAK = YES;
				CLANG_WARN_BLOCK_CAPTURE_AUTORELEASING = YES;
				CLANG_WARN_BOOL_CONVERSION = YES;
				CLANG_WARN_COMMA = YES;
				CLANG_WARN_CONSTANT_CONVERSION = YES;
				CLANG_WARN_DEPRECATED_OBJC_IMPLEMENTATIONS = YES;
				CLANG_WARN_DIRECT_OBJC_ISA_USAGE = YES_ERROR;
				CLANG_WARN_DOCUMENTATION_COMMENTS = YES;
				CLANG_WARN_EMPTY_BODY = YES;
				CLANG_WARN_ENUM_CONVERSION = YES;
				CLANG_WARN_INFINITE_RECURSION = YES;
				CLANG_WARN_INT_CONVERSION = YES;
				CLANG_WARN_NON_LITERAL_NULL_CONVERSION = YES;
				CLANG_WARN_OBJC_IMPLICIT_RETAIN_SELF = YES;
				CLANG_WARN_OBJC_LITERAL_CONVERSION = YES;
				CLANG_WARN_OBJC_ROOT_CLASS = YES_ERROR;
				CLANG_WARN_RANGE_LOOP_ANALYSIS = YES;
				CLANG_WARN_STRICT_PROTOTYPES = YES;
				CLANG_WARN_SUSPICIOUS_MOVE = YES;
				CLANG_WARN_UNGUARDED_AVAILABILITY = YES_AGGRESSIVE;
				CLANG_WARN_UNREACHABLE_CODE = YES;
				CLANG_WARN__DUPLICATE_METHOD_MATCH = YES;
				CODE_SIGN_IDENTITY = "iPhone Developer";
				COPY_PHASE_STRIP = NO;
				DEBUG_INFORMATION_FORMAT = "dwarf-with-dsym";
				ENABLE_NS_ASSERTIONS = NO;
				ENABLE_STRICT_OBJC_MSGSEND = YES;
				GCC_C_LANGUAGE_STANDARD = gnu11;
				GCC_NO_COMMON_BLOCKS = YES;
				GCC_WARN_64_TO_32_BIT_CONVERSION = YES;
				GCC_WARN_ABOUT_RETURN_TYPE = YES_ERROR;
				GCC_WARN_UNDECLARED_SELECTOR = YES;
				GCC_WARN_UNINITIALIZED_AUTOS = YES_AGGRESSIVE;
				GCC_WARN_UNUSED_FUNCTION = YES;
				GCC_WARN_UNUSED_VARIABLE = YES;
				IPHONEOS_DEPLOYMENT_TARGET = 12.1;
				MTL_ENABLE_DEBUG_INFO = NO;
				MTL_FAST_MATH = YES;
				SDKROOT = iphoneos;
				VALIDATE_PRODUCT = YES;
			};
			name = Release;
		};
		CEB7678921E6500D00ECD6C8 /* Debug */ = {
			isa = XCBuildConfiguration;
			buildSettings = {
				ASSETCATALOG_COMPILER_APPICON_NAME = AppIcon;
				CODE_SIGN_STYLE = Automatic;
				DEVELOPMENT_TEAM = 39G6SAJ5EX;
				INFOPLIST_FILE = KVODemo/Info.plist;
				LD_RUNPATH_SEARCH_PATHS = (
					"$(inherited)",
					"@executable_path/Frameworks",
				);
				PRODUCT_BUNDLE_IDENTIFIER = "---.KVODemo";
				PRODUCT_NAME = "$(TARGET_NAME)";
				TARGETED_DEVICE_FAMILY = "1,2";
			};
			name = Debug;
		};
		CEB7678A21E6500D00ECD6C8 /* Release */ = {
			isa = XCBuildConfiguration;
			buildSettings = {
				ASSETCATALOG_COMPILER_APPICON_NAME = AppIcon;
				CODE_SIGN_STYLE = Automatic;
				DEVELOPMENT_TEAM = 39G6SAJ5EX;
				INFOPLIST_FILE = KVODemo/Info.plist;
				LD_RUNPATH_SEARCH_PATHS = (
					"$(inherited)",
					"@executable_path/Frameworks",
				);
				PRODUCT_BUNDLE_IDENTIFIER = "---.KVODemo";
				PRODUCT_NAME = "$(TARGET_NAME)";
				TARGETED_DEVICE_FAMILY = "1,2";
			};
			name = Release;
		};
/* End XCBuildConfiguration section */

/* Begin XCConfigurationList section */
		CEB7676D21E6500C00ECD6C8 /* Build configuration list for PBXProject "KVODemo" */ = {
			isa = XCConfigurationList;
			buildConfigurations = (
				CEB7678621E6500D00ECD6C8 /* Debug */,
				CEB7678721E6500D00ECD6C8 /* Release */,
			);
			defaultConfigurationIsVisible = 0;
			defaultConfigurationName = Release;
		};
		CEB7678821E6500D00ECD6C8 /* Build configuration list for PBXNativeTarget "KVODemo" */ = {
			isa = XCConfigurationList;
			buildConfigurations = (
				CEB7678921E6500D00ECD6C8 /* Debug */,
				CEB7678A21E6500D00ECD6C8 /* Release */,
			);
			defaultConfigurationIsVisible = 0;
			defaultConfigurationName = Release;
		};
/* End XCConfigurationList section */
	};
	rootObject = CEB7676A21E6500C00ECD6C8 /* Project object */;
}
