// !$*UTF8*$!
{
	archiveVersion = 1;
	classes = {
	};
	objectVersion = 50;
	objects = {

/* Begin PBXBuildFile section */
		2B2752F1267B34B20021AFFB /* FourModel.m in Sources */ = {isa = PBXBuildFile; fileRef = 2B2752F0267B34B20021AFFB /* FourModel.m */; };
		2BBD84A32670CA3400E992E0 /* IESLiveDynamicModelDefine.m in Sources */ = {isa = PBXBuildFile; fileRef = 2BBD84A22670CA3400E992E0 /* IESLiveDynamicModelDefine.m */; };
		2BBD84A92670CB2400E992E0 /* IESLiveDynamicModelUtil.m in Sources */ = {isa = PBXBuildFile; fileRef = 2BBD84A82670CB2400E992E0 /* IESLiveDynamicModelUtil.m */; };
		2BF0FAB7266E49D700CB2743 /* AppDelegate.m in Sources */ = {isa = PBXBuildFile; fileRef = 2BF0FAB6266E49D700CB2743 /* AppDelegate.m */; };
		2BF0FABA266E49D700CB2743 /* SceneDelegate.m in Sources */ = {isa = PBXBuildFile; fileRef = 2BF0FAB9266E49D700CB2743 /* SceneDelegate.m */; };
		2BF0FABD266E49D700CB2743 /* ViewController.m in Sources */ = {isa = PBXBuildFile; fileRef = 2BF0FABC266E49D700CB2743 /* ViewController.m */; };
		2BF0FAC0266E49D700CB2743 /* Main.storyboard in Resources */ = {isa = PBXBuildFile; fileRef = 2BF0FABE266E49D700CB2743 /* Main.storyboard */; };
		2BF0FAC2266E49DE00CB2743 /* Assets.xcassets in Resources */ = {isa = PBXBuildFile; fileRef = 2BF0FAC1266E49DE00CB2743 /* Assets.xcassets */; };
		2BF0FAC5266E49DE00CB2743 /* LaunchScreen.storyboard in Resources */ = {isa = PBXBuildFile; fileRef = 2BF0FAC3266E49DE00CB2743 /* LaunchScreen.storyboard */; };
		2BF0FAC8266E49DE00CB2743 /* main.m in Sources */ = {isa = PBXBuildFile; fileRef = 2BF0FAC7266E49DE00CB2743 /* main.m */; };
		90268C718D52F8B308EFEE3E /* libPods-DynamicModel.a in Frameworks */ = {isa = PBXBuildFile; fileRef = 078DF6D1CEDC78E97BD3C4DF /* libPods-DynamicModel.a */; };
/* End PBXBuildFile section */

/* Begin PBXFileReference section */
		078DF6D1CEDC78E97BD3C4DF /* libPods-DynamicModel.a */ = {isa = PBXFileReference; explicitFileType = archive.ar; includeInIndex = 0; path = "libPods-DynamicModel.a"; sourceTree = BUILT_PRODUCTS_DIR; };
		2B2752EF267B34B20021AFFB /* FourModel.h */ = {isa = PBXFileReference; lastKnownFileType = sourcecode.c.h; path = FourModel.h; sourceTree = "<group>"; };
		2B2752F0267B34B20021AFFB /* FourModel.m */ = {isa = PBXFileReference; lastKnownFileType = sourcecode.c.objc; path = FourModel.m; sourceTree = "<group>"; };
		2BBD84A12670CA3400E992E0 /* IESLiveDynamicModelDefine.h */ = {isa = PBXFileReference; lastKnownFileType = sourcecode.c.h; path = IESLiveDynamicModelDefine.h; sourceTree = "<group>"; };
		2BBD84A22670CA3400E992E0 /* IESLiveDynamicModelDefine.m */ = {isa = PBXFileReference; lastKnownFileType = sourcecode.c.objc; path = IESLiveDynamicModelDefine.m; sourceTree = "<group>"; };
		2BBD84A72670CB2400E992E0 /* IESLiveDynamicModelUtil.h */ = {isa = PBXFileReference; lastKnownFileType = sourcecode.c.h; path = IESLiveDynamicModelUtil.h; sourceTree = "<group>"; };
		2BBD84A82670CB2400E992E0 /* IESLiveDynamicModelUtil.m */ = {isa = PBXFileReference; lastKnownFileType = sourcecode.c.objc; path = IESLiveDynamicModelUtil.m; sourceTree = "<group>"; };
		2BF0FAB2266E49D600CB2743 /* DynamicModel.app */ = {isa = PBXFileReference; explicitFileType = wrapper.application; includeInIndex = 0; path = DynamicModel.app; sourceTree = BUILT_PRODUCTS_DIR; };
		2BF0FAB5266E49D700CB2743 /* AppDelegate.h */ = {isa = PBXFileReference; lastKnownFileType = sourcecode.c.h; path = AppDelegate.h; sourceTree = "<group>"; };
		2BF0FAB6266E49D700CB2743 /* AppDelegate.m */ = {isa = PBXFileReference; lastKnownFileType = sourcecode.c.objc; path = AppDelegate.m; sourceTree = "<group>"; };
		2BF0FAB8266E49D700CB2743 /* SceneDelegate.h */ = {isa = PBXFileReference; lastKnownFileType = sourcecode.c.h; path = SceneDelegate.h; sourceTree = "<group>"; };
		2BF0FAB9266E49D700CB2743 /* SceneDelegate.m */ = {isa = PBXFileReference; lastKnownFileType = sourcecode.c.objc; path = SceneDelegate.m; sourceTree = "<group>"; };
		2BF0FABB266E49D700CB2743 /* ViewController.h */ = {isa = PBXFileReference; lastKnownFileType = sourcecode.c.h; path = ViewController.h; sourceTree = "<group>"; };
		2BF0FABC266E49D700CB2743 /* ViewController.m */ = {isa = PBXFileReference; lastKnownFileType = sourcecode.c.objc; path = ViewController.m; sourceTree = "<group>"; };
		2BF0FABF266E49D700CB2743 /* Base */ = {isa = PBXFileReference; lastKnownFileType = file.storyboard; name = Base; path = Base.lproj/Main.storyboard; sourceTree = "<group>"; };
		2BF0FAC1266E49DE00CB2743 /* Assets.xcassets */ = {isa = PBXFileReference; lastKnownFileType = folder.assetcatalog; path = Assets.xcassets; sourceTree = "<group>"; };
		2BF0FAC4266E49DE00CB2743 /* Base */ = {isa = PBXFileReference; lastKnownFileType = file.storyboard; name = Base; path = Base.lproj/LaunchScreen.storyboard; sourceTree = "<group>"; };
		2BF0FAC6266E49DE00CB2743 /* Info.plist */ = {isa = PBXFileReference; lastKnownFileType = text.plist.xml; path = Info.plist; sourceTree = "<group>"; };
		2BF0FAC7266E49DE00CB2743 /* main.m */ = {isa = PBXFileReference; lastKnownFileType = sourcecode.c.objc; path = main.m; sourceTree = "<group>"; };
		592E5A5901EBD8D35BB8BF4C /* Pods-DynamicModel.debug.xcconfig */ = {isa = PBXFileReference; includeInIndex = 1; lastKnownFileType = text.xcconfig; name = "Pods-DynamicModel.debug.xcconfig"; path = "Target Support Files/Pods-DynamicModel/Pods-DynamicModel.debug.xcconfig"; sourceTree = "<group>"; };
		7199043B1D4C19EA511608E6 /* Pods-DynamicModel.release.xcconfig */ = {isa = PBXFileReference; includeInIndex = 1; lastKnownFileType = text.xcconfig; name = "Pods-DynamicModel.release.xcconfig"; path = "Target Support Files/Pods-DynamicModel/Pods-DynamicModel.release.xcconfig"; sourceTree = "<group>"; };
/* End PBXFileReference section */

/* Begin PBXFrameworksBuildPhase section */
		2BF0FAAF266E49D600CB2743 /* Frameworks */ = {
			isa = PBXFrameworksBuildPhase;
			buildActionMask = 2147483647;
			files = (
				90268C718D52F8B308EFEE3E /* libPods-DynamicModel.a in Frameworks */,
			);
			runOnlyForDeploymentPostprocessing = 0;
		};
/* End PBXFrameworksBuildPhase section */

/* Begin PBXGroup section */
		20E30C364DAB8F0D05C84FAA /* Frameworks */ = {
			isa = PBXGroup;
			children = (
				078DF6D1CEDC78E97BD3C4DF /* libPods-DynamicModel.a */,
			);
			name = Frameworks;
			sourceTree = "<group>";
		};
		2BF0FAA9266E49D600CB2743 = {
			isa = PBXGroup;
			children = (
				2BF0FAB4266E49D700CB2743 /* DynamicModel */,
				2BF0FAB3266E49D700CB2743 /* Products */,
				52A1962CFE366A8D83BC2BFB /* Pods */,
				20E30C364DAB8F0D05C84FAA /* Frameworks */,
			);
			sourceTree = "<group>";
		};
		2BF0FAB3266E49D700CB2743 /* Products */ = {
			isa = PBXGroup;
			children = (
				2BF0FAB2266E49D600CB2743 /* DynamicModel.app */,
			);
			name = Products;
			sourceTree = "<group>";
		};
		2BF0FAB4266E49D700CB2743 /* DynamicModel */ = {
			isa = PBXGroup;
			children = (
				2BF0FAB5266E49D700CB2743 /* AppDelegate.h */,
				2BF0FAB6266E49D700CB2743 /* AppDelegate.m */,
				2BF0FAB8266E49D700CB2743 /* SceneDelegate.h */,
				2BF0FAB9266E49D700CB2743 /* SceneDelegate.m */,
				2BF0FABB266E49D700CB2743 /* ViewController.h */,
				2BF0FABC266E49D700CB2743 /* ViewController.m */,
				2BF0FABE266E49D700CB2743 /* Main.storyboard */,
				2BF0FAC1266E49DE00CB2743 /* Assets.xcassets */,
				2BF0FAC3266E49DE00CB2743 /* LaunchScreen.storyboard */,
				2BF0FAC6266E49DE00CB2743 /* Info.plist */,
				2BF0FAC7266E49DE00CB2743 /* main.m */,
				2BBD84A72670CB2400E992E0 /* IESLiveDynamicModelUtil.h */,
				2BBD84A82670CB2400E992E0 /* IESLiveDynamicModelUtil.m */,
				2BBD84A12670CA3400E992E0 /* IESLiveDynamicModelDefine.h */,
				2BBD84A22670CA3400E992E0 /* IESLiveDynamicModelDefine.m */,
				2B2752EF267B34B20021AFFB /* FourModel.h */,
				2B2752F0267B34B20021AFFB /* FourModel.m */,
			);
			path = DynamicModel;
			sourceTree = "<group>";
		};
		52A1962CFE366A8D83BC2BFB /* Pods */ = {
			isa = PBXGroup;
			children = (
				592E5A5901EBD8D35BB8BF4C /* Pods-DynamicModel.debug.xcconfig */,
				7199043B1D4C19EA511608E6 /* Pods-DynamicModel.release.xcconfig */,
			);
			path = Pods;
			sourceTree = "<group>";
		};
/* End PBXGroup section */

/* Begin PBXNativeTarget section */
		2BF0FAB1266E49D600CB2743 /* DynamicModel */ = {
			isa = PBXNativeTarget;
			buildConfigurationList = 2BF0FACB266E49DE00CB2743 /* Build configuration list for PBXNativeTarget "DynamicModel" */;
			buildPhases = (
				4A6CCC238D7DE85E81BDE7EC /* [CP] Check Pods Manifest.lock */,
				2BF0FAAE266E49D600CB2743 /* Sources */,
				2BF0FAAF266E49D600CB2743 /* Frameworks */,
				2BF0FAB0266E49D600CB2743 /* Resources */,
			);
			buildRules = (
			);
			dependencies = (
			);
			name = DynamicModel;
			productName = DynamicModel;
			productReference = 2BF0FAB2266E49D600CB2743 /* DynamicModel.app */;
			productType = "com.apple.product-type.application";
		};
/* End PBXNativeTarget section */

/* Begin PBXProject section */
		2BF0FAAA266E49D600CB2743 /* Project object */ = {
			isa = PBXProject;
			attributes = {
				LastUpgradeCheck = 1240;
				TargetAttributes = {
					2BF0FAB1266E49D600CB2743 = {
						CreatedOnToolsVersion = 12.4;
					};
				};
			};
			buildConfigurationList = 2BF0FAAD266E49D600CB2743 /* Build configuration list for PBXProject "DynamicModel" */;
			compatibilityVersion = "Xcode 9.3";
			developmentRegion = en;
			hasScannedForEncodings = 0;
			knownRegions = (
				en,
				Base,
			);
			mainGroup = 2BF0FAA9266E49D600CB2743;
			productRefGroup = 2BF0FAB3266E49D700CB2743 /* Products */;
			projectDirPath = "";
			projectRoot = "";
			targets = (
				2BF0FAB1266E49D600CB2743 /* DynamicModel */,
			);
		};
/* End PBXProject section */

/* Begin PBXResourcesBuildPhase section */
		2BF0FAB0266E49D600CB2743 /* Resources */ = {
			isa = PBXResourcesBuildPhase;
			buildActionMask = 2147483647;
			files = (
				2BF0FAC5266E49DE00CB2743 /* LaunchScreen.storyboard in Resources */,
				2BF0FAC2266E49DE00CB2743 /* Assets.xcassets in Resources */,
				2BF0FAC0266E49D700CB2743 /* Main.storyboard in Resources */,
			);
			runOnlyForDeploymentPostprocessing = 0;
		};
/* End PBXResourcesBuildPhase section */

/* Begin PBXShellScriptBuildPhase section */
		4A6CCC238D7DE85E81BDE7EC /* [CP] Check Pods Manifest.lock */ = {
			isa = PBXShellScriptBuildPhase;
			buildActionMask = 2147483647;
			files = (
			);
			inputFileListPaths = (
			);
			inputPaths = (
				"${PODS_PODFILE_DIR_PATH}/Podfile.lock",
				"${PODS_ROOT}/Manifest.lock",
			);
			name = "[CP] Check Pods Manifest.lock";
			outputFileListPaths = (
			);
			outputPaths = (
				"$(DERIVED_FILE_DIR)/Pods-DynamicModel-checkManifestLockResult.txt",
			);
			runOnlyForDeploymentPostprocessing = 0;
			shellPath = /bin/sh;
			shellScript = "diff \"${PODS_PODFILE_DIR_PATH}/Podfile.lock\" \"${PODS_ROOT}/Manifest.lock\" > /dev/null\nif [ $? != 0 ] ; then\n    # print error to STDERR\n    echo \"error: The sandbox is not in sync with the Podfile.lock. Run 'pod install' or update your CocoaPods installation.\" >&2\n    exit 1\nfi\n# This output is used by Xcode 'outputs' to avoid re-running this script phase.\necho \"SUCCESS\" > \"${SCRIPT_OUTPUT_FILE_0}\"\n";
			showEnvVarsInLog = 0;
		};
/* End PBXShellScriptBuildPhase section */

/* Begin PBXSourcesBuildPhase section */
		2BF0FAAE266E49D600CB2743 /* Sources */ = {
			isa = PBXSourcesBuildPhase;
			buildActionMask = 2147483647;
			files = (
				2BF0FABD266E49D700CB2743 /* ViewController.m in Sources */,
				2B2752F1267B34B20021AFFB /* FourModel.m in Sources */,
				2BF0FAB7266E49D700CB2743 /* AppDelegate.m in Sources */,
				2BF0FAC8266E49DE00CB2743 /* main.m in Sources */,
				2BF0FABA266E49D700CB2743 /* SceneDelegate.m in Sources */,
				2BBD84A32670CA3400E992E0 /* IESLiveDynamicModelDefine.m in Sources */,
				2BBD84A92670CB2400E992E0 /* IESLiveDynamicModelUtil.m in Sources */,
			);
			runOnlyForDeploymentPostprocessing = 0;
		};
/* End PBXSourcesBuildPhase section */

/* Begin PBXVariantGroup section */
		2BF0FABE266E49D700CB2743 /* Main.storyboard */ = {
			isa = PBXVariantGroup;
			children = (
				2BF0FABF266E49D700CB2743 /* Base */,
			);
			name = Main.storyboard;
			sourceTree = "<group>";
		};
		2BF0FAC3266E49DE00CB2743 /* LaunchScreen.storyboard */ = {
			isa = PBXVariantGroup;
			children = (
				2BF0FAC4266E49DE00CB2743 /* Base */,
			);
			name = LaunchScreen.storyboard;
			sourceTree = "<group>";
		};
/* End PBXVariantGroup section */

/* Begin XCBuildConfiguration section */
		2BF0FAC9266E49DE00CB2743 /* Debug */ = {
			isa = XCBuildConfiguration;
			buildSettings = {
				ALWAYS_SEARCH_USER_PATHS = NO;
				CLANG_ANALYZER_NONNULL = YES;
				CLANG_ANALYZER_NUMBER_OBJECT_CONVERSION = YES_AGGRESSIVE;
				CLANG_CXX_LANGUAGE_STANDARD = "gnu++14";
				CLANG_CXX_LIBRARY = "libc++";
				CLANG_ENABLE_MODULES = YES;
				CLANG_ENABLE_OBJC_ARC = YES;
				CLANG_ENABLE_OBJC_WEAK = YES;
				CLANG_WARN_BLOCK_CAPTURE_AUTORELEASING = YES;
				CLANG_WARN_BOOL_CONVERSION = YES;
				CLANG_WARN_COMMA = YES;
				CLANG_WARN_CONSTANT_CONVERSION = YES;
				CLANG_WARN_DEPRECATED_OBJC_IMPLEMENTATIONS = YES;
				CLANG_WARN_DIRECT_OBJC_ISA_USAGE = YES_ERROR;
				CLANG_WARN_DOCUMENTATION_COMMENTS = YES;
				CLANG_WARN_EMPTY_BODY = YES;
				CLANG_WARN_ENUM_CONVERSION = YES;
				CLANG_WARN_INFINITE_RECURSION = YES;
				CLANG_WARN_INT_CONVERSION = YES;
				CLANG_WARN_NON_LITERAL_NULL_CONVERSION = YES;
				CLANG_WARN_OBJC_IMPLICIT_RETAIN_SELF = YES;
				CLANG_WARN_OBJC_LITERAL_CONVERSION = YES;
				CLANG_WARN_OBJC_ROOT_CLASS = YES_ERROR;
				CLANG_WARN_QUOTED_INCLUDE_IN_FRAMEWORK_HEADER = YES;
				CLANG_WARN_RANGE_LOOP_ANALYSIS = YES;
				CLANG_WARN_STRICT_PROTOTYPES = YES;
				CLANG_WARN_SUSPICIOUS_MOVE = YES;
				CLANG_WARN_UNGUARDED_AVAILABILITY = YES_AGGRESSIVE;
				CLANG_WARN_UNREACHABLE_CODE = YES;
				CLANG_WARN__DUPLICATE_METHOD_MATCH = YES;
				COPY_PHASE_STRIP = NO;
				DEBUG_INFORMATION_FORMAT = dwarf;
				ENABLE_STRICT_OBJC_MSGSEND = YES;
				ENABLE_TESTABILITY = YES;
				GCC_C_LANGUAGE_STANDARD = gnu11;
				GCC_DYNAMIC_NO_PIC = NO;
				GCC_NO_COMMON_BLOCKS = YES;
				GCC_OPTIMIZATION_LEVEL = 0;
				GCC_PREPROCESSOR_DEFINITIONS = (
					"DEBUG=1",
					"$(inherited)",
				);
				GCC_WARN_64_TO_32_BIT_CONVERSION = YES;
				GCC_WARN_ABOUT_RETURN_TYPE = YES_ERROR;
				GCC_WARN_UNDECLARED_SELECTOR = YES;
				GCC_WARN_UNINITIALIZED_AUTOS = YES_AGGRESSIVE;
				GCC_WARN_UNUSED_FUNCTION = YES;
				GCC_WARN_UNUSED_VARIABLE = YES;
				IPHONEOS_DEPLOYMENT_TARGET = 14.4;
				MTL_ENABLE_DEBUG_INFO = INCLUDE_SOURCE;
				MTL_FAST_MATH = YES;
				ONLY_ACTIVE_ARCH = YES;
				SDKROOT = iphoneos;
			};
			name = Debug;
		};
		2BF0FACA266E49DE00CB2743 /* Release */ = {
			isa = XCBuildConfiguration;
			buildSettings = {
				ALWAYS_SEARCH_USER_PATHS = NO;
				CLANG_ANALYZER_NONNULL = YES;
				CLANG_ANALYZER_NUMBER_OBJECT_CONVERSION = YES_AGGRESSIVE;
				CLANG_CXX_LANGUAGE_STANDARD = "gnu++14";
				CLANG_CXX_LIBRARY = "libc++";
				CLANG_ENABLE_MODULES = YES;
				CLANG_ENABLE_OBJC_ARC = YES;
				CLANG_ENABLE_OBJC_WEAK = YES;
				CLANG_WARN_BLOCK_CAPTURE_AUTORELEASING = YES;
				CLANG_WARN_BOOL_CONVERSION = YES;
				CLANG_WARN_COMMA = YES;
				CLANG_WARN_CONSTANT_CONVERSION = YES;
				CLANG_WARN_DEPRECATED_OBJC_IMPLEMENTATIONS = YES;
				CLANG_WARN_DIRECT_OBJC_ISA_USAGE = YES_ERROR;
				CLANG_WARN_DOCUMENTATION_COMMENTS = YES;
				CLANG_WARN_EMPTY_BODY = YES;
				CLANG_WARN_ENUM_CONVERSION = YES;
				CLANG_WARN_INFINITE_RECURSION = YES;
				CLANG_WARN_INT_CONVERSION = YES;
				CLANG_WARN_NON_LITERAL_NULL_CONVERSION = YES;
				CLANG_WARN_OBJC_IMPLICIT_RETAIN_SELF = YES;
				CLANG_WARN_OBJC_LITERAL_CONVERSION = YES;
				CLANG_WARN_OBJC_ROOT_CLASS = YES_ERROR;
				CLANG_WARN_QUOTED_INCLUDE_IN_FRAMEWORK_HEADER = YES;
				CLANG_WARN_RANGE_LOOP_ANALYSIS = YES;
				CLANG_WARN_STRICT_PROTOTYPES = YES;
				CLANG_WARN_SUSPICIOUS_MOVE = YES;
				CLANG_WARN_UNGUARDED_AVAILABILITY = YES_AGGRESSIVE;
				CLANG_WARN_UNREACHABLE_CODE = YES;
				CLANG_WARN__DUPLICATE_METHOD_MATCH = YES;
				COPY_PHASE_STRIP = NO;
				DEBUG_INFORMATION_FORMAT = "dwarf-with-dsym";
				ENABLE_NS_ASSERTIONS = NO;
				ENABLE_STRICT_OBJC_MSGSEND = YES;
				GCC_C_LANGUAGE_STANDARD = gnu11;
				GCC_NO_COMMON_BLOCKS = YES;
				GCC_WARN_64_TO_32_BIT_CONVERSION = YES;
				GCC_WARN_ABOUT_RETURN_TYPE = YES_ERROR;
				GCC_WARN_UNDECLARED_SELECTOR = YES;
				GCC_WARN_UNINITIALIZED_AUTOS = YES_AGGRESSIVE;
				GCC_WARN_UNUSED_FUNCTION = YES;
				GCC_WARN_UNUSED_VARIABLE = YES;
				IPHONEOS_DEPLOYMENT_TARGET = 14.4;
				MTL_ENABLE_DEBUG_INFO = NO;
				MTL_FAST_MATH = YES;
				SDKROOT = iphoneos;
				VALIDATE_PRODUCT = YES;
			};
			name = Release;
		};
		2BF0FACC266E49DE00CB2743 /* Debug */ = {
			isa = XCBuildConfiguration;
			baseConfigurationReference = 592E5A5901EBD8D35BB8BF4C /* Pods-DynamicModel.debug.xcconfig */;
			buildSettings = {
				ASSETCATALOG_COMPILER_APPICON_NAME = AppIcon;
				ASSETCATALOG_COMPILER_GLOBAL_ACCENT_COLOR_NAME = AccentColor;
				CODE_SIGN_STYLE = Automatic;
				DEVELOPMENT_TEAM = KS2MXK543H;
				INFOPLIST_FILE = DynamicModel/Info.plist;
				LD_RUNPATH_SEARCH_PATHS = (
					"$(inherited)",
					"@executable_path/Frameworks",
				);
				PRODUCT_BUNDLE_IDENTIFIER = Chenzebin.DynamicModel;
				PRODUCT_NAME = "$(TARGET_NAME)";
				TARGETED_DEVICE_FAMILY = "1,2";
			};
			name = Debug;
		};
		2BF0FACD266E49DE00CB2743 /* Release */ = {
			isa = XCBuildConfiguration;
			baseConfigurationReference = 7199043B1D4C19EA511608E6 /* Pods-DynamicModel.release.xcconfig */;
			buildSettings = {
				ASSETCATALOG_COMPILER_APPICON_NAME = AppIcon;
				ASSETCATALOG_COMPILER_GLOBAL_ACCENT_COLOR_NAME = AccentColor;
				CODE_SIGN_STYLE = Automatic;
				DEVELOPMENT_TEAM = KS2MXK543H;
				INFOPLIST_FILE = DynamicModel/Info.plist;
				LD_RUNPATH_SEARCH_PATHS = (
					"$(inherited)",
					"@executable_path/Frameworks",
				);
				PRODUCT_BUNDLE_IDENTIFIER = Chenzebin.DynamicModel;
				PRODUCT_NAME = "$(TARGET_NAME)";
				TARGETED_DEVICE_FAMILY = "1,2";
			};
			name = Release;
		};
/* End XCBuildConfiguration section */

/* Begin XCConfigurationList section */
		2BF0FAAD266E49D600CB2743 /* Build configuration list for PBXProject "DynamicModel" */ = {
			isa = XCConfigurationList;
			buildConfigurations = (
				2BF0FAC9266E49DE00CB2743 /* Debug */,
				2BF0FACA266E49DE00CB2743 /* Release */,
			);
			defaultConfigurationIsVisible = 0;
			defaultConfigurationName = Release;
		};
		2BF0FACB266E49DE00CB2743 /* Build configuration list for PBXNativeTarget "DynamicModel" */ = {
			isa = XCConfigurationList;
			buildConfigurations = (
				2BF0FACC266E49DE00CB2743 /* Debug */,
				2BF0FACD266E49DE00CB2743 /* Release */,
			);
			defaultConfigurationIsVisible = 0;
			defaultConfigurationName = Release;
		};
/* End XCConfigurationList section */
	};
	rootObject = 2BF0FAAA266E49D600CB2743 /* Project object */;
}
