// !$*UTF8*$!
{
	archiveVersion = 1;
	classes = {
	};
	objectVersion = 50;
	objects = {

/* Begin PBXBuildFile section */
		CEA23F99245DB28700943EC2 /* AppDelegate.m in Sources */ = {isa = PBXBuildFile; fileRef = CEA23F98245DB28700943EC2 /* AppDelegate.m */; };
		CEA23F9C245DB28700943EC2 /* SceneDelegate.m in Sources */ = {isa = PBXBuildFile; fileRef = CEA23F9B245DB28700943EC2 /* SceneDelegate.m */; };
		CEA23F9F245DB28700943EC2 /* ViewController.m in Sources */ = {isa = PBXBuildFile; fileRef = CEA23F9E245DB28700943EC2 /* ViewController.m */; };
		CEA23FA2245DB28700943EC2 /* Main.storyboard in Resources */ = {isa = PBXBuildFile; fileRef = CEA23FA0245DB28700943EC2 /* Main.storyboard */; };
		CEA23FA4245DB28800943EC2 /* Assets.xcassets in Resources */ = {isa = PBXBuildFile; fileRef = CEA23FA3245DB28800943EC2 /* Assets.xcassets */; };
		CEA23FA7245DB28800943EC2 /* LaunchScreen.storyboard in Resources */ = {isa = PBXBuildFile; fileRef = CEA23FA5245DB28800943EC2 /* LaunchScreen.storyboard */; };
		CEA23FAA245DB28800943EC2 /* main.m in Sources */ = {isa = PBXBuildFile; fileRef = CEA23FA9245DB28800943EC2 /* main.m */; };
		CEA23FB2245DBEC200943EC2 /* RunloopObserver.m in Sources */ = {isa = PBXBuildFile; fileRef = CEA23FB1245DBEC200943EC2 /* RunloopObserver.m */; };
		CEBAEAE1245EBEF4002EA2EC /* ExitRunloop.m in Sources */ = {isa = PBXBuildFile; fileRef = CEBAEAE0245EBEF4002EA2EC /* ExitRunloop.m */; };
		CEBAEAE7245EFEE1002EA2EC /* PermanentThread.m in Sources */ = {isa = PBXBuildFile; fileRef = CEBAEAE6245EFEE1002EA2EC /* PermanentThread.m */; };
		CEEEF4012461570F00FA127C /* CustomRunloopSource0.m in Sources */ = {isa = PBXBuildFile; fileRef = CEEEF4002461570F00FA127C /* CustomRunloopSource0.m */; };
/* End PBXBuildFile section */

/* Begin PBXFileReference section */
		CEA23F94245DB28700943EC2 /* Runloop.app */ = {isa = PBXFileReference; explicitFileType = wrapper.application; includeInIndex = 0; path = Runloop.app; sourceTree = BUILT_PRODUCTS_DIR; };
		CEA23F97245DB28700943EC2 /* AppDelegate.h */ = {isa = PBXFileReference; lastKnownFileType = sourcecode.c.h; path = AppDelegate.h; sourceTree = "<group>"; };
		CEA23F98245DB28700943EC2 /* AppDelegate.m */ = {isa = PBXFileReference; lastKnownFileType = sourcecode.c.objc; path = AppDelegate.m; sourceTree = "<group>"; };
		CEA23F9A245DB28700943EC2 /* SceneDelegate.h */ = {isa = PBXFileReference; lastKnownFileType = sourcecode.c.h; path = SceneDelegate.h; sourceTree = "<group>"; };
		CEA23F9B245DB28700943EC2 /* SceneDelegate.m */ = {isa = PBXFileReference; lastKnownFileType = sourcecode.c.objc; path = SceneDelegate.m; sourceTree = "<group>"; };
		CEA23F9D245DB28700943EC2 /* ViewController.h */ = {isa = PBXFileReference; lastKnownFileType = sourcecode.c.h; path = ViewController.h; sourceTree = "<group>"; };
		CEA23F9E245DB28700943EC2 /* ViewController.m */ = {isa = PBXFileReference; lastKnownFileType = sourcecode.c.objc; path = ViewController.m; sourceTree = "<group>"; };
		CEA23FA1245DB28700943EC2 /* Base */ = {isa = PBXFileReference; lastKnownFileType = file.storyboard; name = Base; path = Base.lproj/Main.storyboard; sourceTree = "<group>"; };
		CEA23FA3245DB28800943EC2 /* Assets.xcassets */ = {isa = PBXFileReference; lastKnownFileType = folder.assetcatalog; path = Assets.xcassets; sourceTree = "<group>"; };
		CEA23FA6245DB28800943EC2 /* Base */ = {isa = PBXFileReference; lastKnownFileType = file.storyboard; name = Base; path = Base.lproj/LaunchScreen.storyboard; sourceTree = "<group>"; };
		CEA23FA8245DB28800943EC2 /* Info.plist */ = {isa = PBXFileReference; lastKnownFileType = text.plist.xml; path = Info.plist; sourceTree = "<group>"; };
		CEA23FA9245DB28800943EC2 /* main.m */ = {isa = PBXFileReference; lastKnownFileType = sourcecode.c.objc; path = main.m; sourceTree = "<group>"; };
		CEA23FB0245DBEC200943EC2 /* RunloopObserver.h */ = {isa = PBXFileReference; lastKnownFileType = sourcecode.c.h; path = RunloopObserver.h; sourceTree = "<group>"; };
		CEA23FB1245DBEC200943EC2 /* RunloopObserver.m */ = {isa = PBXFileReference; lastKnownFileType = sourcecode.c.objc; path = RunloopObserver.m; sourceTree = "<group>"; };
		CEBAEADF245EBEF4002EA2EC /* ExitRunloop.h */ = {isa = PBXFileReference; lastKnownFileType = sourcecode.c.h; path = ExitRunloop.h; sourceTree = "<group>"; };
		CEBAEAE0245EBEF4002EA2EC /* ExitRunloop.m */ = {isa = PBXFileReference; lastKnownFileType = sourcecode.c.objc; path = ExitRunloop.m; sourceTree = "<group>"; };
		CEBAEAE5245EFEE1002EA2EC /* PermanentThread.h */ = {isa = PBXFileReference; lastKnownFileType = sourcecode.c.h; path = PermanentThread.h; sourceTree = "<group>"; };
		CEBAEAE6245EFEE1002EA2EC /* PermanentThread.m */ = {isa = PBXFileReference; lastKnownFileType = sourcecode.c.objc; path = PermanentThread.m; sourceTree = "<group>"; };
		CEEEF3FF2461570F00FA127C /* CustomRunloopSource0.h */ = {isa = PBXFileReference; lastKnownFileType = sourcecode.c.h; path = CustomRunloopSource0.h; sourceTree = "<group>"; };
		CEEEF4002461570F00FA127C /* CustomRunloopSource0.m */ = {isa = PBXFileReference; lastKnownFileType = sourcecode.c.objc; path = CustomRunloopSource0.m; sourceTree = "<group>"; };
/* End PBXFileReference section */

/* Begin PBXFrameworksBuildPhase section */
		CEA23F91245DB28700943EC2 /* Frameworks */ = {
			isa = PBXFrameworksBuildPhase;
			buildActionMask = 2147483647;
			files = (
			);
			runOnlyForDeploymentPostprocessing = 0;
		};
/* End PBXFrameworksBuildPhase section */

/* Begin PBXGroup section */
		CEA23F8B245DB28700943EC2 = {
			isa = PBXGroup;
			children = (
				CEA23F96245DB28700943EC2 /* Runloop */,
				CEA23F95245DB28700943EC2 /* Products */,
			);
			sourceTree = "<group>";
		};
		CEA23F95245DB28700943EC2 /* Products */ = {
			isa = PBXGroup;
			children = (
				CEA23F94245DB28700943EC2 /* Runloop.app */,
			);
			name = Products;
			sourceTree = "<group>";
		};
		CEA23F96245DB28700943EC2 /* Runloop */ = {
			isa = PBXGroup;
			children = (
				CEA23F97245DB28700943EC2 /* AppDelegate.h */,
				CEA23F98245DB28700943EC2 /* AppDelegate.m */,
				CEA23F9A245DB28700943EC2 /* SceneDelegate.h */,
				CEA23F9B245DB28700943EC2 /* SceneDelegate.m */,
				CEA23F9D245DB28700943EC2 /* ViewController.h */,
				CEA23F9E245DB28700943EC2 /* ViewController.m */,
				CEA23FA0245DB28700943EC2 /* Main.storyboard */,
				CEA23FA3245DB28800943EC2 /* Assets.xcassets */,
				CEA23FA5245DB28800943EC2 /* LaunchScreen.storyboard */,
				CEA23FA8245DB28800943EC2 /* Info.plist */,
				CEA23FA9245DB28800943EC2 /* main.m */,
				CEA23FB0245DBEC200943EC2 /* RunloopObserver.h */,
				CEA23FB1245DBEC200943EC2 /* RunloopObserver.m */,
				CEBAEADF245EBEF4002EA2EC /* ExitRunloop.h */,
				CEBAEAE0245EBEF4002EA2EC /* ExitRunloop.m */,
				CEBAEAE5245EFEE1002EA2EC /* PermanentThread.h */,
				CEBAEAE6245EFEE1002EA2EC /* PermanentThread.m */,
				CEEEF3FF2461570F00FA127C /* CustomRunloopSource0.h */,
				CEEEF4002461570F00FA127C /* CustomRunloopSource0.m */,
			);
			path = Runloop;
			sourceTree = "<group>";
		};
/* End PBXGroup section */

/* Begin PBXNativeTarget section */
		CEA23F93245DB28700943EC2 /* Runloop */ = {
			isa = PBXNativeTarget;
			buildConfigurationList = CEA23FAD245DB28800943EC2 /* Build configuration list for PBXNativeTarget "Runloop" */;
			buildPhases = (
				CEA23F90245DB28700943EC2 /* Sources */,
				CEA23F91245DB28700943EC2 /* Frameworks */,
				CEA23F92245DB28700943EC2 /* Resources */,
			);
			buildRules = (
			);
			dependencies = (
			);
			name = Runloop;
			productName = Runloop;
			productReference = CEA23F94245DB28700943EC2 /* Runloop.app */;
			productType = "com.apple.product-type.application";
		};
/* End PBXNativeTarget section */

/* Begin PBXProject section */
		CEA23F8C245DB28700943EC2 /* Project object */ = {
			isa = PBXProject;
			attributes = {
				LastUpgradeCheck = 1140;
				ORGANIZATIONNAME = chenzebin;
				TargetAttributes = {
					CEA23F93245DB28700943EC2 = {
						CreatedOnToolsVersion = 11.4.1;
					};
				};
			};
			buildConfigurationList = CEA23F8F245DB28700943EC2 /* Build configuration list for PBXProject "Runloop" */;
			compatibilityVersion = "Xcode 9.3";
			developmentRegion = en;
			hasScannedForEncodings = 0;
			knownRegions = (
				en,
				Base,
			);
			mainGroup = CEA23F8B245DB28700943EC2;
			productRefGroup = CEA23F95245DB28700943EC2 /* Products */;
			projectDirPath = "";
			projectRoot = "";
			targets = (
				CEA23F93245DB28700943EC2 /* Runloop */,
			);
		};
/* End PBXProject section */

/* Begin PBXResourcesBuildPhase section */
		CEA23F92245DB28700943EC2 /* Resources */ = {
			isa = PBXResourcesBuildPhase;
			buildActionMask = 2147483647;
			files = (
				CEA23FA7245DB28800943EC2 /* LaunchScreen.storyboard in Resources */,
				CEA23FA4245DB28800943EC2 /* Assets.xcassets in Resources */,
				CEA23FA2245DB28700943EC2 /* Main.storyboard in Resources */,
			);
			runOnlyForDeploymentPostprocessing = 0;
		};
/* End PBXResourcesBuildPhase section */

/* Begin PBXSourcesBuildPhase section */
		CEA23F90245DB28700943EC2 /* Sources */ = {
			isa = PBXSourcesBuildPhase;
			buildActionMask = 2147483647;
			files = (
				CEA23F9F245DB28700943EC2 /* ViewController.m in Sources */,
				CEA23F99245DB28700943EC2 /* AppDelegate.m in Sources */,
				CEA23FAA245DB28800943EC2 /* main.m in Sources */,
				CEBAEAE7245EFEE1002EA2EC /* PermanentThread.m in Sources */,
				CEEEF4012461570F00FA127C /* CustomRunloopSource0.m in Sources */,
				CEBAEAE1245EBEF4002EA2EC /* ExitRunloop.m in Sources */,
				CEA23FB2245DBEC200943EC2 /* RunloopObserver.m in Sources */,
				CEA23F9C245DB28700943EC2 /* SceneDelegate.m in Sources */,
			);
			runOnlyForDeploymentPostprocessing = 0;
		};
/* End PBXSourcesBuildPhase section */

/* Begin PBXVariantGroup section */
		CEA23FA0245DB28700943EC2 /* Main.storyboard */ = {
			isa = PBXVariantGroup;
			children = (
				CEA23FA1245DB28700943EC2 /* Base */,
			);
			name = Main.storyboard;
			sourceTree = "<group>";
		};
		CEA23FA5245DB28800943EC2 /* LaunchScreen.storyboard */ = {
			isa = PBXVariantGroup;
			children = (
				CEA23FA6245DB28800943EC2 /* Base */,
			);
			name = LaunchScreen.storyboard;
			sourceTree = "<group>";
		};
/* End PBXVariantGroup section */

/* Begin XCBuildConfiguration section */
		CEA23FAB245DB28800943EC2 /* Debug */ = {
			isa = XCBuildConfiguration;
			buildSettings = {
				ALWAYS_SEARCH_USER_PATHS = NO;
				CLANG_ANALYZER_NONNULL = YES;
				CLANG_ANALYZER_NUMBER_OBJECT_CONVERSION = YES_AGGRESSIVE;
				CLANG_CXX_LANGUAGE_STANDARD = "gnu++14";
				CLANG_CXX_LIBRARY = "libc++";
				CLANG_ENABLE_MODULES = YES;
				CLANG_ENABLE_OBJC_ARC = YES;
				CLANG_ENABLE_OBJC_WEAK = YES;
				CLANG_WARN_BLOCK_CAPTURE_AUTORELEASING = YES;
				CLANG_WARN_BOOL_CONVERSION = YES;
				CLANG_WARN_COMMA = YES;
				CLANG_WARN_CONSTANT_CONVERSION = YES;
				CLANG_WARN_DEPRECATED_OBJC_IMPLEMENTATIONS = YES;
				CLANG_WARN_DIRECT_OBJC_ISA_USAGE = YES_ERROR;
				CLANG_WARN_DOCUMENTATION_COMMENTS = YES;
				CLANG_WARN_EMPTY_BODY = YES;
				CLANG_WARN_ENUM_CONVERSION = YES;
				CLANG_WARN_INFINITE_RECURSION = YES;
				CLANG_WARN_INT_CONVERSION = YES;
				CLANG_WARN_NON_LITERAL_NULL_CONVERSION = YES;
				CLANG_WARN_OBJC_IMPLICIT_RETAIN_SELF = YES;
				CLANG_WARN_OBJC_LITERAL_CONVERSION = YES;
				CLANG_WARN_OBJC_ROOT_CLASS = YES_ERROR;
				CLANG_WARN_RANGE_LOOP_ANALYSIS = YES;
				CLANG_WARN_STRICT_PROTOTYPES = YES;
				CLANG_WARN_SUSPICIOUS_MOVE = YES;
				CLANG_WARN_UNGUARDED_AVAILABILITY = YES_AGGRESSIVE;
				CLANG_WARN_UNREACHABLE_CODE = YES;
				CLANG_WARN__DUPLICATE_METHOD_MATCH = YES;
				COPY_PHASE_STRIP = NO;
				DEBUG_INFORMATION_FORMAT = dwarf;
				ENABLE_STRICT_OBJC_MSGSEND = YES;
				ENABLE_TESTABILITY = YES;
				GCC_C_LANGUAGE_STANDARD = gnu11;
				GCC_DYNAMIC_NO_PIC = NO;
				GCC_NO_COMMON_BLOCKS = YES;
				GCC_OPTIMIZATION_LEVEL = 0;
				GCC_PREPROCESSOR_DEFINITIONS = (
					"DEBUG=1",
					"$(inherited)",
				);
				GCC_WARN_64_TO_32_BIT_CONVERSION = YES;
				GCC_WARN_ABOUT_RETURN_TYPE = YES_ERROR;
				GCC_WARN_UNDECLARED_SELECTOR = YES;
				GCC_WARN_UNINITIALIZED_AUTOS = YES_AGGRESSIVE;
				GCC_WARN_UNUSED_FUNCTION = YES;
				GCC_WARN_UNUSED_VARIABLE = YES;
				IPHONEOS_DEPLOYMENT_TARGET = 13.4;
				MTL_ENABLE_DEBUG_INFO = INCLUDE_SOURCE;
				MTL_FAST_MATH = YES;
				ONLY_ACTIVE_ARCH = YES;
				SDKROOT = iphoneos;
			};
			name = Debug;
		};
		CEA23FAC245DB28800943EC2 /* Release */ = {
			isa = XCBuildConfiguration;
			buildSettings = {
				ALWAYS_SEARCH_USER_PATHS = NO;
				CLANG_ANALYZER_NONNULL = YES;
				CLANG_ANALYZER_NUMBER_OBJECT_CONVERSION = YES_AGGRESSIVE;
				CLANG_CXX_LANGUAGE_STANDARD = "gnu++14";
				CLANG_CXX_LIBRARY = "libc++";
				CLANG_ENABLE_MODULES = YES;
				CLANG_ENABLE_OBJC_ARC = YES;
				CLANG_ENABLE_OBJC_WEAK = YES;
				CLANG_WARN_BLOCK_CAPTURE_AUTORELEASING = YES;
				CLANG_WARN_BOOL_CONVERSION = YES;
				CLANG_WARN_COMMA = YES;
				CLANG_WARN_CONSTANT_CONVERSION = YES;
				CLANG_WARN_DEPRECATED_OBJC_IMPLEMENTATIONS = YES;
				CLANG_WARN_DIRECT_OBJC_ISA_USAGE = YES_ERROR;
				CLANG_WARN_DOCUMENTATION_COMMENTS = YES;
				CLANG_WARN_EMPTY_BODY = YES;
				CLANG_WARN_ENUM_CONVERSION = YES;
				CLANG_WARN_INFINITE_RECURSION = YES;
				CLANG_WARN_INT_CONVERSION = YES;
				CLANG_WARN_NON_LITERAL_NULL_CONVERSION = YES;
				CLANG_WARN_OBJC_IMPLICIT_RETAIN_SELF = YES;
				CLANG_WARN_OBJC_LITERAL_CONVERSION = YES;
				CLANG_WARN_OBJC_ROOT_CLASS = YES_ERROR;
				CLANG_WARN_RANGE_LOOP_ANALYSIS = YES;
				CLANG_WARN_STRICT_PROTOTYPES = YES;
				CLANG_WARN_SUSPICIOUS_MOVE = YES;
				CLANG_WARN_UNGUARDED_AVAILABILITY = YES_AGGRESSIVE;
				CLANG_WARN_UNREACHABLE_CODE = YES;
				CLANG_WARN__DUPLICATE_METHOD_MATCH = YES;
				COPY_PHASE_STRIP = NO;
				DEBUG_INFORMATION_FORMAT = "dwarf-with-dsym";
				ENABLE_NS_ASSERTIONS = NO;
				ENABLE_STRICT_OBJC_MSGSEND = YES;
				GCC_C_LANGUAGE_STANDARD = gnu11;
				GCC_NO_COMMON_BLOCKS = YES;
				GCC_WARN_64_TO_32_BIT_CONVERSION = YES;
				GCC_WARN_ABOUT_RETURN_TYPE = YES_ERROR;
				GCC_WARN_UNDECLARED_SELECTOR = YES;
				GCC_WARN_UNINITIALIZED_AUTOS = YES_AGGRESSIVE;
				GCC_WARN_UNUSED_FUNCTION = YES;
				GCC_WARN_UNUSED_VARIABLE = YES;
				IPHONEOS_DEPLOYMENT_TARGET = 13.4;
				MTL_ENABLE_DEBUG_INFO = NO;
				MTL_FAST_MATH = YES;
				SDKROOT = iphoneos;
				VALIDATE_PRODUCT = YES;
			};
			name = Release;
		};
		CEA23FAE245DB28800943EC2 /* Debug */ = {
			isa = XCBuildConfiguration;
			buildSettings = {
				ASSETCATALOG_COMPILER_APPICON_NAME = AppIcon;
				CODE_SIGN_STYLE = Automatic;
				INFOPLIST_FILE = Runloop/Info.plist;
				LD_RUNPATH_SEARCH_PATHS = (
					"$(inherited)",
					"@executable_path/Frameworks",
				);
				PRODUCT_BUNDLE_IDENTIFIER = chenzebin.Runloop;
				PRODUCT_NAME = "$(TARGET_NAME)";
				TARGETED_DEVICE_FAMILY = "1,2";
			};
			name = Debug;
		};
		CEA23FAF245DB28800943EC2 /* Release */ = {
			isa = XCBuildConfiguration;
			buildSettings = {
				ASSETCATALOG_COMPILER_APPICON_NAME = AppIcon;
				CODE_SIGN_STYLE = Automatic;
				INFOPLIST_FILE = Runloop/Info.plist;
				LD_RUNPATH_SEARCH_PATHS = (
					"$(inherited)",
					"@executable_path/Frameworks",
				);
				PRODUCT_BUNDLE_IDENTIFIER = chenzebin.Runloop;
				PRODUCT_NAME = "$(TARGET_NAME)";
				TARGETED_DEVICE_FAMILY = "1,2";
			};
			name = Release;
		};
/* End XCBuildConfiguration section */

/* Begin XCConfigurationList section */
		CEA23F8F245DB28700943EC2 /* Build configuration list for PBXProject "Runloop" */ = {
			isa = XCConfigurationList;
			buildConfigurations = (
				CEA23FAB245DB28800943EC2 /* Debug */,
				CEA23FAC245DB28800943EC2 /* Release */,
			);
			defaultConfigurationIsVisible = 0;
			defaultConfigurationName = Release;
		};
		CEA23FAD245DB28800943EC2 /* Build configuration list for PBXNativeTarget "Runloop" */ = {
			isa = XCConfigurationList;
			buildConfigurations = (
				CEA23FAE245DB28800943EC2 /* Debug */,
				CEA23FAF245DB28800943EC2 /* Release */,
			);
			defaultConfigurationIsVisible = 0;
			defaultConfigurationName = Release;
		};
/* End XCConfigurationList section */
	};
	rootObject = CEA23F8C245DB28700943EC2 /* Project object */;
}
